
Microsoft Visual Studio Solution File, Format Version 12.00
# Visual Studio Version 17
VisualStudioVersion = 17.6.33815.320
MinimumVisualStudioVersion = 10.0.40219.1
Project("{FAE04EC0-301F-11D3-BF4B-00C04F79EFBC}") = "Pre-Assesment", "Pre-Assesment\Pre-Assesment.csproj", "{4DF9AAAF-E343-4DBB-A39F-FEC180575A4B}"
EndProject
Global
	GlobalSection(SolutionConfigurationPlatforms) = preSolution
		Debug|Any CPU = Debug|Any CPU
		Release|Any CPU = Release|Any CPU
	EndGlobalSection
	GlobalSection(ProjectConfigurationPlatforms) = postSolution
		{4DF9AAAF-E343-4DBB-A39F-FEC180575A4B}.Debug|Any CPU.ActiveCfg = Debug|Any CPU
		{4DF9AAAF-E343-4DBB-A39F-FEC180575A4B}.Debug|Any CPU.Build.0 = Debug|Any CPU
		{4DF9AAAF-E343-4DBB-A39F-FEC180575A4B}.Release|Any CPU.ActiveCfg = Release|Any CPU
		{4DF9AAAF-E343-4DBB-A39F-FEC180575A4B}.Release|Any CPU.Build.0 = Release|Any CPU
	EndGlobalSection
	GlobalSection(SolutionProperties) = preSolution
		HideSolutionNode = FALSE
	EndGlobalSection
	GlobalSection(ExtensibilityGlobals) = postSolution
		SolutionGuid = {B493EE46-E6DF-4050-B392-7EDE8403BE92}
	EndGlobalSection
EndGlobal
